
Microsoft Visual Studio Solution File, Format Version 12.00
# Visual Studio Version 17
VisualStudioVersion = 17.4.33213.308
MinimumVisualStudioVersion = 10.0.40219.1
Project("{FAE04EC0-301F-11D3-BF4B-00C04F79EFBC}") = "CreationModelPlugin", "CreationModelPlugin\CreationModelPlugin.csproj", "{9CB87D39-F9F5-441A-B7FF-3828CE466DF6}"
EndProject
Global
	GlobalSection(SolutionConfigurationPlatforms) = preSolution
		Debug|Any CPU = Debug|Any CPU
		Release|Any CPU = Release|Any CPU
	EndGlobalSection
	GlobalSection(ProjectConfigurationPlatforms) = postSolution
		{9CB87D39-F9F5-441A-B7FF-3828CE466DF6}.Debug|Any CPU.ActiveCfg = Debug|Any CPU
		{9CB87D39-F9F5-441A-B7FF-3828CE466DF6}.Debug|Any CPU.Build.0 = Debug|Any CPU
		{9CB87D39-F9F5-441A-B7FF-3828CE466DF6}.Release|Any CPU.ActiveCfg = Release|Any CPU
		{9CB87D39-F9F5-441A-B7FF-3828CE466DF6}.Release|Any CPU.Build.0 = Release|Any CPU
	EndGlobalSection
	GlobalSection(SolutionProperties) = preSolution
		HideSolutionNode = FALSE
	EndGlobalSection
	GlobalSection(ExtensibilityGlobals) = postSolution
		SolutionGuid = {EC3CA6EF-DA1F-434C-B3DB-DC4C0613C77A}
	EndGlobalSection
EndGlobal
